
Microsoft Visual Studio Solution File, Format Version 12.00
# Visual Studio Version 17
VisualStudioVersion = 17.2.32526.322
MinimumVisualStudioVersion = 10.0.40219.1
Project("{FAE04EC0-301F-11D3-BF4B-00C04F79EFBC}") = "DuoMFAAuthHeader", "DuoMFAAuthHeader\DuoMFAAuthHeader.csproj", "{B36B02D4-F12D-4997-AAF8-B99946EC7817}"
EndProject
Global
	GlobalSection(SolutionConfigurationPlatforms) = preSolution
		Debug|Any CPU = Debug|Any CPU
		Release|Any CPU = Release|Any CPU
	EndGlobalSection
	GlobalSection(ProjectConfigurationPlatforms) = postSolution
		{B36B02D4-F12D-4997-AAF8-B99946EC7817}.Debug|Any CPU.ActiveCfg = Debug|Any CPU
		{B36B02D4-F12D-4997-AAF8-B99946EC7817}.Debug|Any CPU.Build.0 = Debug|Any CPU
		{B36B02D4-F12D-4997-AAF8-B99946EC7817}.Release|Any CPU.ActiveCfg = Release|Any CPU
		{B36B02D4-F12D-4997-AAF8-B99946EC7817}.Release|Any CPU.Build.0 = Release|Any CPU
	EndGlobalSection
	GlobalSection(SolutionProperties) = preSolution
		HideSolutionNode = FALSE
	EndGlobalSection
	GlobalSection(ExtensibilityGlobals) = postSolution
		SolutionGuid = {B17A25C0-9B6F-4571-BF4F-E0EDAA00C124}
	EndGlobalSection
EndGlobal
